// !$*UTF8*$!
{
	archiveVersion = 1;
	classes = {
	};
	objectVersion = 50;
	objects = {

/* Begin PBXBuildFile section */
		BD0D619F22B834C30098ED1D /* DataModel.xcdatamodeld in Sources */ = {isa = PBXBuildFile; fileRef = BD0D619D22B834C30098ED1D /* DataModel.xcdatamodeld */; };
		BD1E8F0C22B9FB6F00FD2666 /* CategoryViewControler.swift in Sources */ = {isa = PBXBuildFile; fileRef = BD1E8F0B22B9FB6F00FD2666 /* CategoryViewControler.swift */; };
		BD7ED12722B1D0DF0056633D /* AppDelegate.swift in Sources */ = {isa = PBXBuildFile; fileRef = BD7ED12622B1D0DF0056633D /* AppDelegate.swift */; };
		BD7ED12922B1D0DF0056633D /* TodoListViewController.swift in Sources */ = {isa = PBXBuildFile; fileRef = BD7ED12822B1D0DF0056633D /* TodoListViewController.swift */; };
		BD7ED12C22B1D0DF0056633D /* Main.storyboard in Resources */ = {isa = PBXBuildFile; fileRef = BD7ED12A22B1D0DF0056633D /* Main.storyboard */; };
		BD7ED12E22B1D0F20056633D /* Assets.xcassets in Resources */ = {isa = PBXBuildFile; fileRef = BD7ED12D22B1D0F20056633D /* Assets.xcassets */; };
		BD7ED13122B1D0F20056633D /* LaunchScreen.storyboard in Resources */ = {isa = PBXBuildFile; fileRef = BD7ED12F22B1D0F20056633D /* LaunchScreen.storyboard */; };
/* End PBXBuildFile section */

/* Begin PBXFileReference section */
		BD0D619E22B834C30098ED1D /* DataModel.xcdatamodel */ = {isa = PBXFileReference; lastKnownFileType = wrapper.xcdatamodel; path = DataModel.xcdatamodel; sourceTree = "<group>"; };
		BD1E8F0B22B9FB6F00FD2666 /* CategoryViewControler.swift */ = {isa = PBXFileReference; lastKnownFileType = sourcecode.swift; path = CategoryViewControler.swift; sourceTree = "<group>"; };
		BD7ED12322B1D0DF0056633D /* Todoey.app */ = {isa = PBXFileReference; explicitFileType = wrapper.application; includeInIndex = 0; path = Todoey.app; sourceTree = BUILT_PRODUCTS_DIR; };
		BD7ED12622B1D0DF0056633D /* AppDelegate.swift */ = {isa = PBXFileReference; lastKnownFileType = sourcecode.swift; path = AppDelegate.swift; sourceTree = "<group>"; };
		BD7ED12822B1D0DF0056633D /* TodoListViewController.swift */ = {isa = PBXFileReference; lastKnownFileType = sourcecode.swift; path = TodoListViewController.swift; sourceTree = "<group>"; };
		BD7ED12B22B1D0DF0056633D /* Base */ = {isa = PBXFileReference; lastKnownFileType = file.storyboard; name = Base; path = Base.lproj/Main.storyboard; sourceTree = "<group>"; };
		BD7ED12D22B1D0F20056633D /* Assets.xcassets */ = {isa = PBXFileReference; lastKnownFileType = folder.assetcatalog; path = Assets.xcassets; sourceTree = "<group>"; };
		BD7ED13022B1D0F20056633D /* Base */ = {isa = PBXFileReference; lastKnownFileType = file.storyboard; name = Base; path = Base.lproj/LaunchScreen.storyboard; sourceTree = "<group>"; };
		BD7ED13222B1D0F20056633D /* Info.plist */ = {isa = PBXFileReference; lastKnownFileType = text.plist.xml; path = Info.plist; sourceTree = "<group>"; };
/* End PBXFileReference section */

/* Begin PBXFrameworksBuildPhase section */
		BD7ED12022B1D0DF0056633D /* Frameworks */ = {
			isa = PBXFrameworksBuildPhase;
			buildActionMask = 2147483647;
			files = (
			);
			runOnlyForDeploymentPostprocessing = 0;
		};
/* End PBXFrameworksBuildPhase section */

/* Begin PBXGroup section */
		BD2AB9EE22B5990800312C02 /* Data Model */ = {
			isa = PBXGroup;
			children = (
				BD0D619D22B834C30098ED1D /* DataModel.xcdatamodeld */,
			);
			path = "Data Model";
			sourceTree = "<group>";
		};
		BD2AB9EF22B5991200312C02 /* Controllers */ = {
			isa = PBXGroup;
			children = (
				BD7ED12822B1D0DF0056633D /* TodoListViewController.swift */,
				BD1E8F0B22B9FB6F00FD2666 /* CategoryViewControler.swift */,
			);
			path = Controllers;
			sourceTree = "<group>";
		};
		BD2AB9F022B6F19A00312C02 /* Views */ = {
			isa = PBXGroup;
			children = (
				BD7ED12A22B1D0DF0056633D /* Main.storyboard */,
			);
			path = Views;
			sourceTree = "<group>";
		};
		BD2AB9F122B6F1AF00312C02 /* Supporting Files */ = {
			isa = PBXGroup;
			children = (
				BD7ED12D22B1D0F20056633D /* Assets.xcassets */,
				BD7ED12F22B1D0F20056633D /* LaunchScreen.storyboard */,
			);
			path = "Supporting Files";
			sourceTree = "<group>";
		};
		BD7ED11A22B1D0DF0056633D = {
			isa = PBXGroup;
			children = (
				BD7ED12522B1D0DF0056633D /* Todoey */,
				BD7ED12422B1D0DF0056633D /* Products */,
			);
			sourceTree = "<group>";
		};
		BD7ED12422B1D0DF0056633D /* Products */ = {
			isa = PBXGroup;
			children = (
				BD7ED12322B1D0DF0056633D /* Todoey.app */,
			);
			name = Products;
			sourceTree = "<group>";
		};
		BD7ED12522B1D0DF0056633D /* Todoey */ = {
			isa = PBXGroup;
			children = (
				BD7ED12622B1D0DF0056633D /* AppDelegate.swift */,
				BD2AB9EF22B5991200312C02 /* Controllers */,
				BD2AB9EE22B5990800312C02 /* Data Model */,
				BD2AB9F022B6F19A00312C02 /* Views */,
				BD2AB9F122B6F1AF00312C02 /* Supporting Files */,
				BD7ED13222B1D0F20056633D /* Info.plist */,
			);
			path = Todoey;
			sourceTree = "<group>";
		};
/* End PBXGroup section */

/* Begin PBXNativeTarget section */
		BD7ED12222B1D0DF0056633D /* Todoey */ = {
			isa = PBXNativeTarget;
			buildConfigurationList = BD7ED13522B1D0F20056633D /* Build configuration list for PBXNativeTarget "Todoey" */;
			buildPhases = (
				BD7ED11F22B1D0DF0056633D /* Sources */,
				BD7ED12022B1D0DF0056633D /* Frameworks */,
				BD7ED12122B1D0DF0056633D /* Resources */,
			);
			buildRules = (
			);
			dependencies = (
			);
			name = Todoey;
			productName = Todoey;
			productReference = BD7ED12322B1D0DF0056633D /* Todoey.app */;
			productType = "com.apple.product-type.application";
		};
/* End PBXNativeTarget section */

/* Begin PBXProject section */
		BD7ED11B22B1D0DF0056633D /* Project object */ = {
			isa = PBXProject;
			attributes = {
				LastSwiftUpdateCheck = 1020;
				LastUpgradeCheck = 1020;
				ORGANIZATIONNAME = "Avnish Asthana";
				TargetAttributes = {
					BD7ED12222B1D0DF0056633D = {
						CreatedOnToolsVersion = 10.2.1;
					};
				};
			};
			buildConfigurationList = BD7ED11E22B1D0DF0056633D /* Build configuration list for PBXProject "Todoey" */;
			compatibilityVersion = "Xcode 9.3";
			developmentRegion = en;
			hasScannedForEncodings = 0;
			knownRegions = (
				en,
				Base,
			);
			mainGroup = BD7ED11A22B1D0DF0056633D;
			productRefGroup = BD7ED12422B1D0DF0056633D /* Products */;
			projectDirPath = "";
			projectRoot = "";
			targets = (
				BD7ED12222B1D0DF0056633D /* Todoey */,
			);
		};
/* End PBXProject section */

/* Begin PBXResourcesBuildPhase section */
		BD7ED12122B1D0DF0056633D /* Resources */ = {
			isa = PBXResourcesBuildPhase;
			buildActionMask = 2147483647;
			files = (
				BD7ED13122B1D0F20056633D /* LaunchScreen.storyboard in Resources */,
				BD7ED12E22B1D0F20056633D /* Assets.xcassets in Resources */,
				BD7ED12C22B1D0DF0056633D /* Main.storyboard in Resources */,
			);
			runOnlyForDeploymentPostprocessing = 0;
		};
/* End PBXResourcesBuildPhase section */

/* Begin PBXSourcesBuildPhase section */
		BD7ED11F22B1D0DF0056633D /* Sources */ = {
			isa = PBXSourcesBuildPhase;
			buildActionMask = 2147483647;
			files = (
				BD7ED12922B1D0DF0056633D /* TodoListViewController.swift in Sources */,
				BD0D619F22B834C30098ED1D /* DataModel.xcdatamodeld in Sources */,
				BD7ED12722B1D0DF0056633D /* AppDelegate.swift in Sources */,
				BD1E8F0C22B9FB6F00FD2666 /* CategoryViewControler.swift in Sources */,
			);
			runOnlyForDeploymentPostprocessing = 0;
		};
/* End PBXSourcesBuildPhase section */

/* Begin PBXVariantGroup section */
		BD7ED12A22B1D0DF0056633D /* Main.storyboard */ = {
			isa = PBXVariantGroup;
			children = (
				BD7ED12B22B1D0DF0056633D /* Base */,
			);
			name = Main.storyboard;
			sourceTree = "<group>";
		};
		BD7ED12F22B1D0F20056633D /* LaunchScreen.storyboard */ = {
			isa = PBXVariantGroup;
			children = (
				BD7ED13022B1D0F20056633D /* Base */,
			);
			name = LaunchScreen.storyboard;
			sourceTree = "<group>";
		};
/* End PBXVariantGroup section */

/* Begin XCBuildConfiguration section */
		BD7ED13322B1D0F20056633D /* Debug */ = {
			isa = XCBuildConfiguration;
			buildSettings = {
				ALWAYS_SEARCH_USER_PATHS = NO;
				CLANG_ANALYZER_NONNULL = YES;
				CLANG_ANALYZER_NUMBER_OBJECT_CONVERSION = YES_AGGRESSIVE;
				CLANG_CXX_LANGUAGE_STANDARD = "gnu++14";
				CLANG_CXX_LIBRARY = "libc++";
				CLANG_ENABLE_MODULES = YES;
				CLANG_ENABLE_OBJC_ARC = YES;
				CLANG_ENABLE_OBJC_WEAK = YES;
				CLANG_WARN_BLOCK_CAPTURE_AUTORELEASING = YES;
				CLANG_WARN_BOOL_CONVERSION = YES;
				CLANG_WARN_COMMA = YES;
				CLANG_WARN_CONSTANT_CONVERSION = YES;
				CLANG_WARN_DEPRECATED_OBJC_IMPLEMENTATIONS = YES;
				CLANG_WARN_DIRECT_OBJC_ISA_USAGE = YES_ERROR;
				CLANG_WARN_DOCUMENTATION_COMMENTS = YES;
				CLANG_WARN_EMPTY_BODY = YES;
				CLANG_WARN_ENUM_CONVERSION = YES;
				CLANG_WARN_INFINITE_RECURSION = YES;
				CLANG_WARN_INT_CONVERSION = YES;
				CLANG_WARN_NON_LITERAL_NULL_CONVERSION = YES;
				CLANG_WARN_OBJC_IMPLICIT_RETAIN_SELF = YES;
				CLANG_WARN_OBJC_LITERAL_CONVERSION = YES;
				CLANG_WARN_OBJC_ROOT_CLASS = YES_ERROR;
				CLANG_WARN_RANGE_LOOP_ANALYSIS = YES;
				CLANG_WARN_STRICT_PROTOTYPES = YES;
				CLANG_WARN_SUSPICIOUS_MOVE = YES;
				CLANG_WARN_UNGUARDED_AVAILABILITY = YES_AGGRESSIVE;
				CLANG_WARN_UNREACHABLE_CODE = YES;
				CLANG_WARN__DUPLICATE_METHOD_MATCH = YES;
				CODE_SIGN_IDENTITY = "iPhone Developer";
				COPY_PHASE_STRIP = NO;
				DEBUG_INFORMATION_FORMAT = dwarf;
				ENABLE_STRICT_OBJC_MSGSEND = YES;
				ENABLE_TESTABILITY = YES;
				GCC_C_LANGUAGE_STANDARD = gnu11;
				GCC_DYNAMIC_NO_PIC = NO;
				GCC_NO_COMMON_BLOCKS = YES;
				GCC_OPTIMIZATION_LEVEL = 0;
				GCC_PREPROCESSOR_DEFINITIONS = (
					"DEBUG=1",
					"$(inherited)",
				);
				GCC_WARN_64_TO_32_BIT_CONVERSION = YES;
				GCC_WARN_ABOUT_RETURN_TYPE = YES_ERROR;
				GCC_WARN_UNDECLARED_SELECTOR = YES;
				GCC_WARN_UNINITIALIZED_AUTOS = YES_AGGRESSIVE;
				GCC_WARN_UNUSED_FUNCTION = YES;
				GCC_WARN_UNUSED_VARIABLE = YES;
				IPHONEOS_DEPLOYMENT_TARGET = 12.2;
				MTL_ENABLE_DEBUG_INFO = INCLUDE_SOURCE;
				MTL_FAST_MATH = YES;
				ONLY_ACTIVE_ARCH = YES;
				SDKROOT = iphoneos;
				SWIFT_ACTIVE_COMPILATION_CONDITIONS = DEBUG;
				SWIFT_OPTIMIZATION_LEVEL = "-Onone";
			};
			name = Debug;
		};
		BD7ED13422B1D0F20056633D /* Release */ = {
			isa = XCBuildConfiguration;
			buildSettings = {
				ALWAYS_SEARCH_USER_PATHS = NO;
				CLANG_ANALYZER_NONNULL = YES;
				CLANG_ANALYZER_NUMBER_OBJECT_CONVERSION = YES_AGGRESSIVE;
				CLANG_CXX_LANGUAGE_STANDARD = "gnu++14";
				CLANG_CXX_LIBRARY = "libc++";
				CLANG_ENABLE_MODULES = YES;
				CLANG_ENABLE_OBJC_ARC = YES;
				CLANG_ENABLE_OBJC_WEAK = YES;
				CLANG_WARN_BLOCK_CAPTURE_AUTORELEASING = YES;
				CLANG_WARN_BOOL_CONVERSION = YES;
				CLANG_WARN_COMMA = YES;
				CLANG_WARN_CONSTANT_CONVERSION = YES;
				CLANG_WARN_DEPRECATED_OBJC_IMPLEMENTATIONS = YES;
				CLANG_WARN_DIRECT_OBJC_ISA_USAGE = YES_ERROR;
				CLANG_WARN_DOCUMENTATION_COMMENTS = YES;
				CLANG_WARN_EMPTY_BODY = YES;
				CLANG_WARN_ENUM_CONVERSION = YES;
				CLANG_WARN_INFINITE_RECURSION = YES;
				CLANG_WARN_INT_CONVERSION = YES;
				CLANG_WARN_NON_LITERAL_NULL_CONVERSION = YES;
				CLANG_WARN_OBJC_IMPLICIT_RETAIN_SELF = YES;
				CLANG_WARN_OBJC_LITERAL_CONVERSION = YES;
				CLANG_WARN_OBJC_ROOT_CLASS = YES_ERROR;
				CLANG_WARN_RANGE_LOOP_ANALYSIS = YES;
				CLANG_WARN_STRICT_PROTOTYPES = YES;
				CLANG_WARN_SUSPICIOUS_MOVE = YES;
				CLANG_WARN_UNGUARDED_AVAILABILITY = YES_AGGRESSIVE;
				CLANG_WARN_UNREACHABLE_CODE = YES;
				CLANG_WARN__DUPLICATE_METHOD_MATCH = YES;
				CODE_SIGN_IDENTITY = "iPhone Developer";
				COPY_PHASE_STRIP = NO;
				DEBUG_INFORMATION_FORMAT = "dwarf-with-dsym";
				ENABLE_NS_ASSERTIONS = NO;
				ENABLE_STRICT_OBJC_MSGSEND = YES;
				GCC_C_LANGUAGE_STANDARD = gnu11;
				GCC_NO_COMMON_BLOCKS = YES;
				GCC_WARN_64_TO_32_BIT_CONVERSION = YES;
				GCC_WARN_ABOUT_RETURN_TYPE = YES_ERROR;
				GCC_WARN_UNDECLARED_SELECTOR = YES;
				GCC_WARN_UNINITIALIZED_AUTOS = YES_AGGRESSIVE;
				GCC_WARN_UNUSED_FUNCTION = YES;
				GCC_WARN_UNUSED_VARIABLE = YES;
				IPHONEOS_DEPLOYMENT_TARGET = 12.2;
				MTL_ENABLE_DEBUG_INFO = NO;
				MTL_FAST_MATH = YES;
				SDKROOT = iphoneos;
				SWIFT_COMPILATION_MODE = wholemodule;
				SWIFT_OPTIMIZATION_LEVEL = "-O";
				VALIDATE_PRODUCT = YES;
			};
			name = Release;
		};
		BD7ED13622B1D0F20056633D /* Debug */ = {
			isa = XCBuildConfiguration;
			buildSettings = {
				ASSETCATALOG_COMPILER_APPICON_NAME = AppIcon;
				CODE_SIGN_STYLE = Automatic;
				DEVELOPMENT_TEAM = KQQ7BDJ4QQ;
				INFOPLIST_FILE = Todoey/Info.plist;
				LD_RUNPATH_SEARCH_PATHS = (
					"$(inherited)",
					"@executable_path/Frameworks",
				);
				PRODUCT_BUNDLE_IDENTIFIER = com.avnishasthana.Todoey;
				PRODUCT_NAME = "$(TARGET_NAME)";
				SWIFT_VERSION = 5.0;
				TARGETED_DEVICE_FAMILY = "1,2";
			};
			name = Debug;
		};
		BD7ED13722B1D0F20056633D /* Release */ = {
			isa = XCBuildConfiguration;
			buildSettings = {
				ASSETCATALOG_COMPILER_APPICON_NAME = AppIcon;
				CODE_SIGN_STYLE = Automatic;
				DEVELOPMENT_TEAM = KQQ7BDJ4QQ;
				INFOPLIST_FILE = Todoey/Info.plist;
				LD_RUNPATH_SEARCH_PATHS = (
					"$(inherited)",
					"@executable_path/Frameworks",
				);
				PRODUCT_BUNDLE_IDENTIFIER = com.avnishasthana.Todoey;
				PRODUCT_NAME = "$(TARGET_NAME)";
				SWIFT_VERSION = 5.0;
				TARGETED_DEVICE_FAMILY = "1,2";
			};
			name = Release;
		};
/* End XCBuildConfiguration section */

/* Begin XCConfigurationList section */
		BD7ED11E22B1D0DF0056633D /* Build configuration list for PBXProject "Todoey" */ = {
			isa = XCConfigurationList;
			buildConfigurations = (
				BD7ED13322B1D0F20056633D /* Debug */,
				BD7ED13422B1D0F20056633D /* Release */,
			);
			defaultConfigurationIsVisible = 0;
			defaultConfigurationName = Release;
		};
		BD7ED13522B1D0F20056633D /* Build configuration list for PBXNativeTarget "Todoey" */ = {
			isa = XCConfigurationList;
			buildConfigurations = (
				BD7ED13622B1D0F20056633D /* Debug */,
				BD7ED13722B1D0F20056633D /* Release */,
			);
			defaultConfigurationIsVisible = 0;
			defaultConfigurationName = Release;
		};
/* End XCConfigurationList section */

/* Begin XCVersionGroup section */
		BD0D619D22B834C30098ED1D /* DataModel.xcdatamodeld */ = {
			isa = XCVersionGroup;
			children = (
				BD0D619E22B834C30098ED1D /* DataModel.xcdatamodel */,
			);
			currentVersion = BD0D619E22B834C30098ED1D /* DataModel.xcdatamodel */;
			path = DataModel.xcdatamodeld;
			sourceTree = "<group>";
			versionGroupType = wrapper.xcdatamodel;
		};
/* End XCVersionGroup section */
	};
	rootObject = BD7ED11B22B1D0DF0056633D /* Project object */;
}
